
Microsoft Visual Studio Solution File, Format Version 12.00
# Visual Studio Version 17
VisualStudioVersion = 17.0.31903.59
MinimumVisualStudioVersion = 10.0.40219.1
Project("{FAE04EC0-301F-11D3-BF4B-00C04F79EFBC}") = "Blog.UnitTests", "Blog.Tests\Blog.UnitTests.csproj", "{E503B8A9-18B9-4086-A0EA-B525454C27D2}"
EndProject
Project("{FAE04EC0-301F-11D3-BF4B-00C04F79EFBC}") = "Blog.Application", "Blog.Application\Blog.Application.csproj", "{D91609DE-4120-47E9-BB35-7160F1DE9F99}"
EndProject
Global
	GlobalSection(SolutionConfigurationPlatforms) = preSolution
		Debug|Any CPU = Debug|Any CPU
		Release|Any CPU = Release|Any CPU
	EndGlobalSection
	GlobalSection(SolutionProperties) = preSolution
		HideSolutionNode = FALSE
	EndGlobalSection
	GlobalSection(ProjectConfigurationPlatforms) = postSolution
		{E503B8A9-18B9-4086-A0EA-B525454C27D2}.Debug|Any CPU.ActiveCfg = Debug|Any CPU
		{E503B8A9-18B9-4086-A0EA-B525454C27D2}.Debug|Any CPU.Build.0 = Debug|Any CPU
		{E503B8A9-18B9-4086-A0EA-B525454C27D2}.Release|Any CPU.ActiveCfg = Release|Any CPU
		{E503B8A9-18B9-4086-A0EA-B525454C27D2}.Release|Any CPU.Build.0 = Release|Any CPU
		{D91609DE-4120-47E9-BB35-7160F1DE9F99}.Debug|Any CPU.ActiveCfg = Debug|Any CPU
		{D91609DE-4120-47E9-BB35-7160F1DE9F99}.Debug|Any CPU.Build.0 = Debug|Any CPU
		{D91609DE-4120-47E9-BB35-7160F1DE9F99}.Release|Any CPU.ActiveCfg = Release|Any CPU
		{D91609DE-4120-47E9-BB35-7160F1DE9F99}.Release|Any CPU.Build.0 = Release|Any CPU
	EndGlobalSection
EndGlobal
